
Microsoft Visual Studio Solution File, Format Version 12.00
# 
Project("{FAE04EC0-301F-11D3-BF4B-00C04F79EFBC}") = "Lab01", "Lab01\Lab01.csproj", "{AC96571A-FBB6-4F48-8FA4-EB71D0490F6B}"
EndProject
Global
	GlobalSection(SolutionConfigurationPlatforms) = preSolution
		Debug|Any CPU = Debug|Any CPU
		Debug|x64 = Debug|x64
		Debug|x86 = Debug|x86
		Release|Any CPU = Release|Any CPU
		Release|x64 = Release|x64
		Release|x86 = Release|x86
	EndGlobalSection
	GlobalSection(ProjectConfigurationPlatforms) = postSolution
		{AC96571A-FBB6-4F48-8FA4-EB71D0490F6B}.Debug|Any CPU.ActiveCfg = Debug|Any CPU
		{AC96571A-FBB6-4F48-8FA4-EB71D0490F6B}.Debug|Any CPU.Build.0 = Debug|Any CPU
		{AC96571A-FBB6-4F48-8FA4-EB71D0490F6B}.Debug|x64.ActiveCfg = Debug|Any CPU
		{AC96571A-FBB6-4F48-8FA4-EB71D0490F6B}.Debug|x64.Build.0 = Debug|Any CPU
		{AC96571A-FBB6-4F48-8FA4-EB71D0490F6B}.Debug|x86.ActiveCfg = Debug|Any CPU
		{AC96571A-FBB6-4F48-8FA4-EB71D0490F6B}.Debug|x86.Build.0 = Debug|Any CPU
		{AC96571A-FBB6-4F48-8FA4-EB71D0490F6B}.Release|Any CPU.ActiveCfg = Release|Any CPU
		{AC96571A-FBB6-4F48-8FA4-EB71D0490F6B}.Release|Any CPU.Build.0 = Release|Any CPU
		{AC96571A-FBB6-4F48-8FA4-EB71D0490F6B}.Release|x64.ActiveCfg = Release|Any CPU
		{AC96571A-FBB6-4F48-8FA4-EB71D0490F6B}.Release|x64.Build.0 = Release|Any CPU
		{AC96571A-FBB6-4F48-8FA4-EB71D0490F6B}.Release|x86.ActiveCfg = Release|Any CPU
		{AC96571A-FBB6-4F48-8FA4-EB71D0490F6B}.Release|x86.Build.0 = Release|Any CPU
	EndGlobalSection
EndGlobal
